
Microsoft Visual Studio Solution File, Format Version 12.00
# Visual Studio 15
VisualStudioVersion = 15.0.26124.0
MinimumVisualStudioVersion = 15.0.26124.0
Project("{FAE04EC0-301F-11D3-BF4B-00C04F79EFBC}") = "Lacuna.Domain", "Lacuna.Domain\Lacuna.Domain.csproj", "{4713E74F-BE5A-473F-9AD3-76F578A57F97}"
EndProject
Project("{FAE04EC0-301F-11D3-BF4B-00C04F79EFBC}") = "Lacuna.Shared", "Lacuna.Shared\Lacuna.Shared.csproj", "{E4796AFC-32A4-487A-9036-E8D0BFBE7D1E}"
EndProject
Project("{FAE04EC0-301F-11D3-BF4B-00C04F79EFBC}") = "Lacuna.Api", "Lacuna.Api\Lacuna.Api.csproj", "{C40F2048-845E-4226-8F06-1F4749E2FBC4}"
EndProject
Project("{FAE04EC0-301F-11D3-BF4B-00C04F79EFBC}") = "Lacuna.Tests", "Lacuna.Tests\Lacuna.Tests.csproj", "{180C0FFC-313D-419A-A910-D4FA6DF619E4}"
EndProject
Global
	GlobalSection(SolutionConfigurationPlatforms) = preSolution
		Debug|Any CPU = Debug|Any CPU
		Debug|x64 = Debug|x64
		Debug|x86 = Debug|x86
		Release|Any CPU = Release|Any CPU
		Release|x64 = Release|x64
		Release|x86 = Release|x86
	EndGlobalSection
	GlobalSection(SolutionProperties) = preSolution
		HideSolutionNode = FALSE
	EndGlobalSection
	GlobalSection(ProjectConfigurationPlatforms) = postSolution
		{4713E74F-BE5A-473F-9AD3-76F578A57F97}.Debug|Any CPU.ActiveCfg = Debug|Any CPU
		{4713E74F-BE5A-473F-9AD3-76F578A57F97}.Debug|Any CPU.Build.0 = Debug|Any CPU
		{4713E74F-BE5A-473F-9AD3-76F578A57F97}.Debug|x64.ActiveCfg = Debug|Any CPU
		{4713E74F-BE5A-473F-9AD3-76F578A57F97}.Debug|x64.Build.0 = Debug|Any CPU
		{4713E74F-BE5A-473F-9AD3-76F578A57F97}.Debug|x86.ActiveCfg = Debug|Any CPU
		{4713E74F-BE5A-473F-9AD3-76F578A57F97}.Debug|x86.Build.0 = Debug|Any CPU
		{4713E74F-BE5A-473F-9AD3-76F578A57F97}.Release|Any CPU.ActiveCfg = Release|Any CPU
		{4713E74F-BE5A-473F-9AD3-76F578A57F97}.Release|Any CPU.Build.0 = Release|Any CPU
		{4713E74F-BE5A-473F-9AD3-76F578A57F97}.Release|x64.ActiveCfg = Release|Any CPU
		{4713E74F-BE5A-473F-9AD3-76F578A57F97}.Release|x64.Build.0 = Release|Any CPU
		{4713E74F-BE5A-473F-9AD3-76F578A57F97}.Release|x86.ActiveCfg = Release|Any CPU
		{4713E74F-BE5A-473F-9AD3-76F578A57F97}.Release|x86.Build.0 = Release|Any CPU
		{E4796AFC-32A4-487A-9036-E8D0BFBE7D1E}.Debug|Any CPU.ActiveCfg = Debug|Any CPU
		{E4796AFC-32A4-487A-9036-E8D0BFBE7D1E}.Debug|Any CPU.Build.0 = Debug|Any CPU
		{E4796AFC-32A4-487A-9036-E8D0BFBE7D1E}.Debug|x64.ActiveCfg = Debug|Any CPU
		{E4796AFC-32A4-487A-9036-E8D0BFBE7D1E}.Debug|x64.Build.0 = Debug|Any CPU
		{E4796AFC-32A4-487A-9036-E8D0BFBE7D1E}.Debug|x86.ActiveCfg = Debug|Any CPU
		{E4796AFC-32A4-487A-9036-E8D0BFBE7D1E}.Debug|x86.Build.0 = Debug|Any CPU
		{E4796AFC-32A4-487A-9036-E8D0BFBE7D1E}.Release|Any CPU.ActiveCfg = Release|Any CPU
		{E4796AFC-32A4-487A-9036-E8D0BFBE7D1E}.Release|Any CPU.Build.0 = Release|Any CPU
		{E4796AFC-32A4-487A-9036-E8D0BFBE7D1E}.Release|x64.ActiveCfg = Release|Any CPU
		{E4796AFC-32A4-487A-9036-E8D0BFBE7D1E}.Release|x64.Build.0 = Release|Any CPU
		{E4796AFC-32A4-487A-9036-E8D0BFBE7D1E}.Release|x86.ActiveCfg = Release|Any CPU
		{E4796AFC-32A4-487A-9036-E8D0BFBE7D1E}.Release|x86.Build.0 = Release|Any CPU
		{C40F2048-845E-4226-8F06-1F4749E2FBC4}.Debug|Any CPU.ActiveCfg = Debug|Any CPU
		{C40F2048-845E-4226-8F06-1F4749E2FBC4}.Debug|Any CPU.Build.0 = Debug|Any CPU
		{C40F2048-845E-4226-8F06-1F4749E2FBC4}.Debug|x64.ActiveCfg = Debug|Any CPU
		{C40F2048-845E-4226-8F06-1F4749E2FBC4}.Debug|x64.Build.0 = Debug|Any CPU
		{C40F2048-845E-4226-8F06-1F4749E2FBC4}.Debug|x86.ActiveCfg = Debug|Any CPU
		{C40F2048-845E-4226-8F06-1F4749E2FBC4}.Debug|x86.Build.0 = Debug|Any CPU
		{C40F2048-845E-4226-8F06-1F4749E2FBC4}.Release|Any CPU.ActiveCfg = Release|Any CPU
		{C40F2048-845E-4226-8F06-1F4749E2FBC4}.Release|Any CPU.Build.0 = Release|Any CPU
		{C40F2048-845E-4226-8F06-1F4749E2FBC4}.Release|x64.ActiveCfg = Release|Any CPU
		{C40F2048-845E-4226-8F06-1F4749E2FBC4}.Release|x64.Build.0 = Release|Any CPU
		{C40F2048-845E-4226-8F06-1F4749E2FBC4}.Release|x86.ActiveCfg = Release|Any CPU
		{C40F2048-845E-4226-8F06-1F4749E2FBC4}.Release|x86.Build.0 = Release|Any CPU
		{180C0FFC-313D-419A-A910-D4FA6DF619E4}.Debug|Any CPU.ActiveCfg = Debug|Any CPU
		{180C0FFC-313D-419A-A910-D4FA6DF619E4}.Debug|Any CPU.Build.0 = Debug|Any CPU
		{180C0FFC-313D-419A-A910-D4FA6DF619E4}.Debug|x64.ActiveCfg = Debug|Any CPU
		{180C0FFC-313D-419A-A910-D4FA6DF619E4}.Debug|x64.Build.0 = Debug|Any CPU
		{180C0FFC-313D-419A-A910-D4FA6DF619E4}.Debug|x86.ActiveCfg = Debug|Any CPU
		{180C0FFC-313D-419A-A910-D4FA6DF619E4}.Debug|x86.Build.0 = Debug|Any CPU
		{180C0FFC-313D-419A-A910-D4FA6DF619E4}.Release|Any CPU.ActiveCfg = Release|Any CPU
		{180C0FFC-313D-419A-A910-D4FA6DF619E4}.Release|Any CPU.Build.0 = Release|Any CPU
		{180C0FFC-313D-419A-A910-D4FA6DF619E4}.Release|x64.ActiveCfg = Release|Any CPU
		{180C0FFC-313D-419A-A910-D4FA6DF619E4}.Release|x64.Build.0 = Release|Any CPU
		{180C0FFC-313D-419A-A910-D4FA6DF619E4}.Release|x86.ActiveCfg = Release|Any CPU
		{180C0FFC-313D-419A-A910-D4FA6DF619E4}.Release|x86.Build.0 = Release|Any CPU
	EndGlobalSection
EndGlobal
